// !$*UTF8*$!
{
	archiveVersion = 1;
	classes = {
	};
	objectVersion = 56;
	objects = {

/* Begin PBXBuildFile section */
		A10000000000000000000001 /* ChatTaskApp.swift in Sources */ = {isa = PBXBuildFile; fileRef = A20000000000000000000001 /* ChatTaskApp.swift */; };
		A10000000000000000000002 /* HomeView.swift in Sources */ = {isa = PBXBuildFile; fileRef = A20000000000000000000002 /* HomeView.swift */; };
		A10000000000000000000003 /* RecordButtonView.swift in Sources */ = {isa = PBXBuildFile; fileRef = A20000000000000000000003 /* RecordButtonView.swift */; };
		A10000000000000000000004 /* PermissionsView.swift in Sources */ = {isa = PBXBuildFile; fileRef = A20000000000000000000004 /* PermissionsView.swift */; };
		A10000000000000000000005 /* VoiceCommandViewModel.swift in Sources */ = {isa = PBXBuildFile; fileRef = A20000000000000000000005 /* VoiceCommandViewModel.swift */; };
		A10000000000000000000006 /* PermissionService.swift in Sources */ = {isa = PBXBuildFile; fileRef = A20000000000000000000006 /* PermissionService.swift */; };
		A10000000000000000000007 /* AppError.swift in Sources */ = {isa = PBXBuildFile; fileRef = A20000000000000000000007 /* AppError.swift */; };
		A10000000000000000000008 /* Assets.xcassets in Resources */ = {isa = PBXBuildFile; fileRef = A20000000000000000000008 /* Assets.xcassets */; };
		A10000000000000000000009 /* SpeechRecognizerService.swift in Sources */ = {isa = PBXBuildFile; fileRef = A20000000000000000000009 /* SpeechRecognizerService.swift */; };
		A10000000000000000000010 /* ParsedCommand.swift in Sources */ = {isa = PBXBuildFile; fileRef = A20000000000000000000010 /* ParsedCommand.swift */; };
		A10000000000000000000011 /* ReminderItem.swift in Sources */ = {isa = PBXBuildFile; fileRef = A20000000000000000000011 /* ReminderItem.swift */; };
		A10000000000000000000012 /* CalendarEventItem.swift in Sources */ = {isa = PBXBuildFile; fileRef = A20000000000000000000012 /* CalendarEventItem.swift */; };
		A10000000000000000000013 /* DateParser.swift in Sources */ = {isa = PBXBuildFile; fileRef = A20000000000000000000013 /* DateParser.swift */; };
		A10000000000000000000014 /* IntentParserService.swift in Sources */ = {isa = PBXBuildFile; fileRef = A20000000000000000000014 /* IntentParserService.swift */; };
		A10000000000000000000017 /* ChatSheetView.swift in Sources */ = {isa = PBXBuildFile; fileRef = A20000000000000000000017 /* ChatSheetView.swift */; };
		A10000000000000000000018 /* TaskItem.swift in Sources */ = {isa = PBXBuildFile; fileRef = A20000000000000000000018 /* TaskItem.swift */; };
		A10000000000000000000019 /* TaskRowView.swift in Sources */ = {isa = PBXBuildFile; fileRef = A20000000000000000000019 /* TaskRowView.swift */; };
		A1000000000000000000001A /* CalendarView.swift in Sources */ = {isa = PBXBuildFile; fileRef = A2000000000000000000001A /* CalendarView.swift */; };
		A1000000000000000000001B /* RootTabView.swift in Sources */ = {isa = PBXBuildFile; fileRef = A2000000000000000000001B /* RootTabView.swift */; };
		A1000000000000000000001C /* TaskDetailView.swift in Sources */ = {isa = PBXBuildFile; fileRef = A2000000000000000000001C /* TaskDetailView.swift */; };
		A1000000000000000000001D /* LLMTaskParseResponse.swift in Sources */ = {isa = PBXBuildFile; fileRef = A2000000000000000000001D /* LLMTaskParseResponse.swift */; };
		A1000000000000000000001E /* TaskParsing.swift in Sources */ = {isa = PBXBuildFile; fileRef = A2000000000000000000001E /* TaskParsing.swift */; };
		A1000000000000000000001F /* LLMTaskParserService.swift in Sources */ = {isa = PBXBuildFile; fileRef = A2000000000000000000001F /* LLMTaskParserService.swift */; };
		A10000000000000000000020 /* TaskParsingCoordinator.swift in Sources */ = {isa = PBXBuildFile; fileRef = A20000000000000000000020 /* TaskParsingCoordinator.swift */; };
		A10000000000000000000021 /* TaskScheduleHelpers.swift in Sources */ = {isa = PBXBuildFile; fileRef = A20000000000000000000021 /* TaskScheduleHelpers.swift */; };
		A10000000000000000000022 /* TaskComposerView.swift in Sources */ = {isa = PBXBuildFile; fileRef = A20000000000000000000022 /* TaskComposerView.swift */; };
		A10000000000000000000023 /* Secrets.swift in Sources */ = {isa = PBXBuildFile; fileRef = A20000000000000000000023 /* Secrets.swift */; };
		A10000000000000000000025 /* AppUILanguage.swift in Sources */ = {isa = PBXBuildFile; fileRef = A20000000000000000000025 /* AppUILanguage.swift */; };
		A10000000000000000000026 /* MultilingualTranscriptionService.swift in Sources */ = {isa = PBXBuildFile; fileRef = A20000000000000000000026 /* MultilingualTranscriptionService.swift */; };
		A10000000000000000000027 /* TranscriptionRouter.swift in Sources */ = {isa = PBXBuildFile; fileRef = A20000000000000000000027 /* TranscriptionRouter.swift */; };
		A10000000000000000000028 /* LocalTranscriptEvaluator.swift in Sources */ = {isa = PBXBuildFile; fileRef = A20000000000000000000028 /* LocalTranscriptEvaluator.swift */; };
		A10000000000000000000029 /* TaskReminderService.swift in Sources */ = {isa = PBXBuildFile; fileRef = A20000000000000000000029 /* TaskReminderService.swift */; };
		A1000000000000000000002A /* ReminderOffset.swift in Sources */ = {isa = PBXBuildFile; fileRef = A2000000000000000000002A /* ReminderOffset.swift */; };
		A1000000000000000000002B /* SettingsView.swift in Sources */ = {isa = PBXBuildFile; fileRef = A2000000000000000000002B /* SettingsView.swift */; };
		A1000000000000000000002C /* SubscriptionConfig.swift in Sources */ = {isa = PBXBuildFile; fileRef = A2000000000000000000002C /* SubscriptionConfig.swift */; };
		A1000000000000000000002D /* SubscriptionManager.swift in Sources */ = {isa = PBXBuildFile; fileRef = A2000000000000000000002D /* SubscriptionManager.swift */; };
		A1000000000000000000002E /* PaywallView.swift in Sources */ = {isa = PBXBuildFile; fileRef = A2000000000000000000002E /* PaywallView.swift */; };
		A10000000000000000000030 /* DraggableChatButton.swift in Sources */ = {isa = PBXBuildFile; fileRef = A20000000000000000000030 /* DraggableChatButton.swift */; };
		A10000000000000000000031 /* AppStringsCatalog.swift in Sources */ = {isa = PBXBuildFile; fileRef = A20000000000000000000031 /* AppStringsCatalog.swift */; };
		A10000000000000000000032 /* AppStringsPackEU.swift in Sources */ = {isa = PBXBuildFile; fileRef = A20000000000000000000032 /* AppStringsPackEU.swift */; };
		A10000000000000000000033 /* AppStringsPackAsiaPTIT.swift in Sources */ = {isa = PBXBuildFile; fileRef = A20000000000000000000033 /* AppStringsPackAsiaPTIT.swift */; };
		A10000000000000000000034 /* SpeechServiceMessagesCatalog.swift in Sources */ = {isa = PBXBuildFile; fileRef = A20000000000000000000034 /* SpeechServiceMessagesCatalog.swift */; };
		A10000000000000000000035 /* BackendConfig.swift in Sources */ = {isa = PBXBuildFile; fileRef = A20000000000000000000035 /* BackendConfig.swift */; };
		A10000000000000000000036 /* BackendCorrelation.swift in Sources */ = {isa = PBXBuildFile; fileRef = A20000000000000000000036 /* BackendCorrelation.swift */; };
		A10000000000000000000037 /* AppStringsPackHindi.swift in Sources */ = {isa = PBXBuildFile; fileRef = A20000000000000000000037 /* AppStringsPackHindi.swift */; };
		A10000000000000000000038 /* AppColorTheme.swift in Sources */ = {isa = PBXBuildFile; fileRef = A20000000000000000000038 /* AppColorTheme.swift */; };
		A10000000000000000000039 /* BackendWarmup.swift in Sources */ = {isa = PBXBuildFile; fileRef = A20000000000000000000039 /* BackendWarmup.swift */; };
		A1000000000000000000003A /* BackendFetchRetry.swift in Sources */ = {isa = PBXBuildFile; fileRef = A2000000000000000000003A /* BackendFetchRetry.swift */; };
		A1000000000000000000003B /* ShortInputLLMPresentation.swift in Sources */ = {isa = PBXBuildFile; fileRef = A2000000000000000000003B /* ShortInputLLMPresentation.swift */; };
/* End PBXBuildFile section */

/* Begin PBXFileReference section */
		A20000000000000000000001 /* ChatTaskApp.swift */ = {isa = PBXFileReference; lastKnownFileType = sourcecode.swift; path = ChatTaskApp.swift; sourceTree = "<group>"; };
		A20000000000000000000002 /* HomeView.swift */ = {isa = PBXFileReference; lastKnownFileType = sourcecode.swift; path = HomeView.swift; sourceTree = "<group>"; };
		A20000000000000000000003 /* RecordButtonView.swift */ = {isa = PBXFileReference; lastKnownFileType = sourcecode.swift; path = RecordButtonView.swift; sourceTree = "<group>"; };
		A20000000000000000000004 /* PermissionsView.swift */ = {isa = PBXFileReference; lastKnownFileType = sourcecode.swift; path = PermissionsView.swift; sourceTree = "<group>"; };
		A20000000000000000000005 /* VoiceCommandViewModel.swift */ = {isa = PBXFileReference; lastKnownFileType = sourcecode.swift; path = VoiceCommandViewModel.swift; sourceTree = "<group>"; };
		A20000000000000000000006 /* PermissionService.swift */ = {isa = PBXFileReference; lastKnownFileType = sourcecode.swift; path = PermissionService.swift; sourceTree = "<group>"; };
		A20000000000000000000007 /* AppError.swift */ = {isa = PBXFileReference; lastKnownFileType = sourcecode.swift; path = AppError.swift; sourceTree = "<group>"; };
		A20000000000000000000008 /* Assets.xcassets */ = {isa = PBXFileReference; lastKnownFileType = folder.assetcatalog; path = Assets.xcassets; sourceTree = "<group>"; };
		A20000000000000000000009 /* SpeechRecognizerService.swift */ = {isa = PBXFileReference; lastKnownFileType = sourcecode.swift; path = SpeechRecognizerService.swift; sourceTree = "<group>"; };
		A20000000000000000000010 /* ParsedCommand.swift */ = {isa = PBXFileReference; lastKnownFileType = sourcecode.swift; path = ParsedCommand.swift; sourceTree = "<group>"; };
		A20000000000000000000011 /* ReminderItem.swift */ = {isa = PBXFileReference; lastKnownFileType = sourcecode.swift; path = ReminderItem.swift; sourceTree = "<group>"; };
		A20000000000000000000012 /* CalendarEventItem.swift */ = {isa = PBXFileReference; lastKnownFileType = sourcecode.swift; path = CalendarEventItem.swift; sourceTree = "<group>"; };
		A20000000000000000000013 /* DateParser.swift */ = {isa = PBXFileReference; lastKnownFileType = sourcecode.swift; path = DateParser.swift; sourceTree = "<group>"; };
		A20000000000000000000014 /* IntentParserService.swift */ = {isa = PBXFileReference; lastKnownFileType = sourcecode.swift; path = IntentParserService.swift; sourceTree = "<group>"; };
		A20000000000000000000017 /* ChatSheetView.swift */ = {isa = PBXFileReference; lastKnownFileType = sourcecode.swift; path = ChatSheetView.swift; sourceTree = "<group>"; };
		A20000000000000000000018 /* TaskItem.swift */ = {isa = PBXFileReference; lastKnownFileType = sourcecode.swift; path = TaskItem.swift; sourceTree = "<group>"; };
		A20000000000000000000019 /* TaskRowView.swift */ = {isa = PBXFileReference; lastKnownFileType = sourcecode.swift; path = TaskRowView.swift; sourceTree = "<group>"; };
		A2000000000000000000001A /* CalendarView.swift */ = {isa = PBXFileReference; lastKnownFileType = sourcecode.swift; path = CalendarView.swift; sourceTree = "<group>"; };
		A2000000000000000000001B /* RootTabView.swift */ = {isa = PBXFileReference; lastKnownFileType = sourcecode.swift; path = RootTabView.swift; sourceTree = "<group>"; };
		A2000000000000000000001C /* TaskDetailView.swift */ = {isa = PBXFileReference; lastKnownFileType = sourcecode.swift; path = TaskDetailView.swift; sourceTree = "<group>"; };
		A2000000000000000000001D /* LLMTaskParseResponse.swift */ = {isa = PBXFileReference; lastKnownFileType = sourcecode.swift; path = LLMTaskParseResponse.swift; sourceTree = "<group>"; };
		A2000000000000000000001E /* TaskParsing.swift */ = {isa = PBXFileReference; lastKnownFileType = sourcecode.swift; path = TaskParsing.swift; sourceTree = "<group>"; };
		A2000000000000000000001F /* LLMTaskParserService.swift */ = {isa = PBXFileReference; lastKnownFileType = sourcecode.swift; path = LLMTaskParserService.swift; sourceTree = "<group>"; };
		A20000000000000000000020 /* TaskParsingCoordinator.swift */ = {isa = PBXFileReference; lastKnownFileType = sourcecode.swift; path = TaskParsingCoordinator.swift; sourceTree = "<group>"; };
		A20000000000000000000021 /* TaskScheduleHelpers.swift */ = {isa = PBXFileReference; lastKnownFileType = sourcecode.swift; path = TaskScheduleHelpers.swift; sourceTree = "<group>"; };
		A20000000000000000000022 /* TaskComposerView.swift */ = {isa = PBXFileReference; lastKnownFileType = sourcecode.swift; path = TaskComposerView.swift; sourceTree = "<group>"; };
		A20000000000000000000023 /* Secrets.swift */ = {isa = PBXFileReference; lastKnownFileType = sourcecode.swift; path = Secrets.swift; sourceTree = "<group>"; };
		A20000000000000000000025 /* AppUILanguage.swift */ = {isa = PBXFileReference; lastKnownFileType = sourcecode.swift; path = AppUILanguage.swift; sourceTree = "<group>"; };
		A20000000000000000000026 /* MultilingualTranscriptionService.swift */ = {isa = PBXFileReference; lastKnownFileType = sourcecode.swift; path = MultilingualTranscriptionService.swift; sourceTree = "<group>"; };
		A20000000000000000000027 /* TranscriptionRouter.swift */ = {isa = PBXFileReference; lastKnownFileType = sourcecode.swift; path = TranscriptionRouter.swift; sourceTree = "<group>"; };
		A20000000000000000000028 /* LocalTranscriptEvaluator.swift */ = {isa = PBXFileReference; lastKnownFileType = sourcecode.swift; path = LocalTranscriptEvaluator.swift; sourceTree = "<group>"; };
		A20000000000000000000029 /* TaskReminderService.swift */ = {isa = PBXFileReference; lastKnownFileType = sourcecode.swift; path = TaskReminderService.swift; sourceTree = "<group>"; };
		A2000000000000000000002A /* ReminderOffset.swift */ = {isa = PBXFileReference; lastKnownFileType = sourcecode.swift; path = ReminderOffset.swift; sourceTree = "<group>"; };
		A2000000000000000000002B /* SettingsView.swift */ = {isa = PBXFileReference; lastKnownFileType = sourcecode.swift; path = SettingsView.swift; sourceTree = "<group>"; };
		A2000000000000000000002C /* SubscriptionConfig.swift */ = {isa = PBXFileReference; lastKnownFileType = sourcecode.swift; path = SubscriptionConfig.swift; sourceTree = "<group>"; };
		A2000000000000000000002D /* SubscriptionManager.swift */ = {isa = PBXFileReference; lastKnownFileType = sourcecode.swift; path = SubscriptionManager.swift; sourceTree = "<group>"; };
		A2000000000000000000002E /* PaywallView.swift */ = {isa = PBXFileReference; lastKnownFileType = sourcecode.swift; path = PaywallView.swift; sourceTree = "<group>"; };
		A2000000000000000000002F /* ChatTask.storekit */ = {isa = PBXFileReference; lastKnownFileType = text; path = ChatTask.storekit; sourceTree = "<group>"; };
		A20000000000000000000030 /* DraggableChatButton.swift */ = {isa = PBXFileReference; lastKnownFileType = sourcecode.swift; path = DraggableChatButton.swift; sourceTree = "<group>"; };
		A20000000000000000000031 /* AppStringsCatalog.swift */ = {isa = PBXFileReference; lastKnownFileType = sourcecode.swift; path = AppStringsCatalog.swift; sourceTree = "<group>"; };
		A20000000000000000000032 /* AppStringsPackEU.swift */ = {isa = PBXFileReference; lastKnownFileType = sourcecode.swift; path = AppStringsPackEU.swift; sourceTree = "<group>"; };
		A20000000000000000000033 /* AppStringsPackAsiaPTIT.swift */ = {isa = PBXFileReference; lastKnownFileType = sourcecode.swift; path = AppStringsPackAsiaPTIT.swift; sourceTree = "<group>"; };
		A20000000000000000000034 /* SpeechServiceMessagesCatalog.swift */ = {isa = PBXFileReference; lastKnownFileType = sourcecode.swift; path = SpeechServiceMessagesCatalog.swift; sourceTree = "<group>"; };
		A20000000000000000000035 /* BackendConfig.swift */ = {isa = PBXFileReference; lastKnownFileType = sourcecode.swift; path = BackendConfig.swift; sourceTree = "<group>"; };
		A20000000000000000000036 /* BackendCorrelation.swift */ = {isa = PBXFileReference; lastKnownFileType = sourcecode.swift; path = BackendCorrelation.swift; sourceTree = "<group>"; };
		A20000000000000000000037 /* AppStringsPackHindi.swift */ = {isa = PBXFileReference; lastKnownFileType = sourcecode.swift; path = AppStringsPackHindi.swift; sourceTree = "<group>"; };
		A20000000000000000000038 /* AppColorTheme.swift */ = {isa = PBXFileReference; lastKnownFileType = sourcecode.swift; path = AppColorTheme.swift; sourceTree = "<group>"; };
		A20000000000000000000039 /* BackendWarmup.swift */ = {isa = PBXFileReference; lastKnownFileType = sourcecode.swift; path = BackendWarmup.swift; sourceTree = "<group>"; };
		A2000000000000000000003A /* BackendFetchRetry.swift */ = {isa = PBXFileReference; lastKnownFileType = sourcecode.swift; path = BackendFetchRetry.swift; sourceTree = "<group>"; };
		A2000000000000000000003B /* ShortInputLLMPresentation.swift */ = {isa = PBXFileReference; lastKnownFileType = sourcecode.swift; path = ShortInputLLMPresentation.swift; sourceTree = "<group>"; };
		A30000000000000000000001 /* ChatTask.app */ = {isa = PBXFileReference; explicitFileType = wrapper.application; includeInIndex = 0; path = ChatTask.app; sourceTree = BUILT_PRODUCTS_DIR; };
/* End PBXFileReference section */

/* Begin PBXFrameworksBuildPhase section */
		A40000000000000000000001 /* Frameworks */ = {
			isa = PBXFrameworksBuildPhase;
			buildActionMask = 2147483647;
			files = (
			);
			runOnlyForDeploymentPostprocessing = 0;
		};
/* End PBXFrameworksBuildPhase section */

/* Begin PBXGroup section */
		A50000000000000000000001 = {
			isa = PBXGroup;
			children = (
				A50000000000000000000002 /* ChatTask */,
				A50000000000000000000003 /* Products */,
			);
			sourceTree = "<group>";
		};
		A50000000000000000000002 /* ChatTask */ = {
			isa = PBXGroup;
			children = (
				A20000000000000000000001 /* ChatTaskApp.swift */,
				A20000000000000000000023 /* Secrets.swift */,
				A2000000000000000000002F /* ChatTask.storekit */,
				A50000000000000000000004 /* Views */,
				A50000000000000000000005 /* ViewModels */,
				A50000000000000000000008 /* Models */,
				A50000000000000000000006 /* Services */,
				A50000000000000000000007 /* Utilities */,
				A20000000000000000000008 /* Assets.xcassets */,
			);
			path = ChatTask;
			sourceTree = "<group>";
		};
		A50000000000000000000003 /* Products */ = {
			isa = PBXGroup;
			children = (
				A30000000000000000000001 /* ChatTask.app */,
			);
			name = Products;
			sourceTree = "<group>";
		};
		A50000000000000000000004 /* Views */ = {
			isa = PBXGroup;
			children = (
				A20000000000000000000002 /* HomeView.swift */,
				A20000000000000000000030 /* DraggableChatButton.swift */,
				A2000000000000000000001A /* CalendarView.swift */,
				A2000000000000000000001B /* RootTabView.swift */,
				A20000000000000000000019 /* TaskRowView.swift */,
				A2000000000000000000001C /* TaskDetailView.swift */,
				A20000000000000000000022 /* TaskComposerView.swift */,
				A20000000000000000000003 /* RecordButtonView.swift */,
				A20000000000000000000004 /* PermissionsView.swift */,
				A20000000000000000000017 /* ChatSheetView.swift */,
				A2000000000000000000002B /* SettingsView.swift */,
				A2000000000000000000002E /* PaywallView.swift */,
			);
			path = Views;
			sourceTree = "<group>";
		};
		A50000000000000000000005 /* ViewModels */ = {
			isa = PBXGroup;
			children = (
				A20000000000000000000005 /* VoiceCommandViewModel.swift */,
			);
			path = ViewModels;
			sourceTree = "<group>";
		};
		A50000000000000000000006 /* Services */ = {
			isa = PBXGroup;
			children = (
				A20000000000000000000035 /* BackendConfig.swift */,
				A20000000000000000000006 /* PermissionService.swift */,
				A20000000000000000000009 /* SpeechRecognizerService.swift */,
				A20000000000000000000026 /* MultilingualTranscriptionService.swift */,
				A20000000000000000000014 /* IntentParserService.swift */,
				A2000000000000000000001E /* TaskParsing.swift */,
				A2000000000000000000001F /* LLMTaskParserService.swift */,
				A20000000000000000000020 /* TaskParsingCoordinator.swift */,
				A20000000000000000000027 /* TranscriptionRouter.swift */,
				A20000000000000000000028 /* LocalTranscriptEvaluator.swift */,
				A20000000000000000000029 /* TaskReminderService.swift */,
				A2000000000000000000002D /* SubscriptionManager.swift */,
			);
			path = Services;
			sourceTree = "<group>";
		};
		A50000000000000000000007 /* Utilities */ = {
			isa = PBXGroup;
			children = (
				A20000000000000000000007 /* AppError.swift */,
				A20000000000000000000036 /* BackendCorrelation.swift */,
				A20000000000000000000039 /* BackendWarmup.swift */,
				A2000000000000000000003A /* BackendFetchRetry.swift */,
				A2000000000000000000003B /* ShortInputLLMPresentation.swift */,
				A20000000000000000000013 /* DateParser.swift */,
				A20000000000000000000021 /* TaskScheduleHelpers.swift */,
			);
			path = Utilities;
			sourceTree = "<group>";
		};
		A50000000000000000000008 /* Models */ = {
			isa = PBXGroup;
			children = (
				A20000000000000000000025 /* AppUILanguage.swift */,
				A20000000000000000000031 /* AppStringsCatalog.swift */,
				A20000000000000000000032 /* AppStringsPackEU.swift */,
				A20000000000000000000033 /* AppStringsPackAsiaPTIT.swift */,
				A20000000000000000000037 /* AppStringsPackHindi.swift */,
				A20000000000000000000038 /* AppColorTheme.swift */,
				A20000000000000000000034 /* SpeechServiceMessagesCatalog.swift */,
				A20000000000000000000010 /* ParsedCommand.swift */,
				A2000000000000000000001D /* LLMTaskParseResponse.swift */,
				A20000000000000000000011 /* ReminderItem.swift */,
				A20000000000000000000012 /* CalendarEventItem.swift */,
				A20000000000000000000018 /* TaskItem.swift */,
				A2000000000000000000002A /* ReminderOffset.swift */,
				A2000000000000000000002C /* SubscriptionConfig.swift */,
			);
			path = Models;
			sourceTree = "<group>";
		};
/* End PBXGroup section */

/* Begin PBXNativeTarget section */
		A60000000000000000000001 /* ChatTask */ = {
			isa = PBXNativeTarget;
			buildConfigurationList = A80000000000000000000003 /* Build configuration list for PBXNativeTarget "ChatTask" */;
			buildPhases = (
				A70000000000000000000001 /* Sources */,
				A40000000000000000000001 /* Frameworks */,
				A70000000000000000000002 /* Resources */,
			);
			buildRules = (
			);
			dependencies = (
			);
			name = ChatTask;
			productName = VocaTime;
			productReference = A30000000000000000000001 /* ChatTask.app */;
			productType = "com.apple.product-type.application";
		};
/* End PBXNativeTarget section */

/* Begin PBXProject section */
		A60000000000000000000002 /* Project object */ = {
			isa = PBXProject;
			attributes = {
				BuildIndependentTargetsInParallel = 1;
				LastSwiftUpdateCheck = 1620;
				LastUpgradeCheck = 1620;
				TargetAttributes = {
					A60000000000000000000001 = {
						CreatedOnToolsVersion = 16.2;
					};
				};
			};
			buildConfigurationList = A80000000000000000000001 /* Build configuration list for PBXProject "ChatTask" */;
			compatibilityVersion = "Xcode 14.0";
			developmentRegion = en;
			hasScannedForEncodings = 0;
			knownRegions = (
				en,
				Base,
			);
			mainGroup = A50000000000000000000001;
			productRefGroup = A50000000000000000000003 /* Products */;
			projectDirPath = "";
			projectRoot = "";
			targets = (
				A60000000000000000000001 /* ChatTask */,
			);
		};
/* End PBXProject section */

/* Begin PBXResourcesBuildPhase section */
		A70000000000000000000002 /* Resources */ = {
			isa = PBXResourcesBuildPhase;
			buildActionMask = 2147483647;
			files = (
				A10000000000000000000008 /* Assets.xcassets in Resources */,
			);
			runOnlyForDeploymentPostprocessing = 0;
		};
/* End PBXResourcesBuildPhase section */

/* Begin PBXSourcesBuildPhase section */
		A70000000000000000000001 /* Sources */ = {
			isa = PBXSourcesBuildPhase;
			buildActionMask = 2147483647;
			files = (
				A10000000000000000000001 /* ChatTaskApp.swift in Sources */,
				A10000000000000000000002 /* HomeView.swift in Sources */,
				A10000000000000000000030 /* DraggableChatButton.swift in Sources */,
				A10000000000000000000003 /* RecordButtonView.swift in Sources */,
				A10000000000000000000004 /* PermissionsView.swift in Sources */,
				A10000000000000000000005 /* VoiceCommandViewModel.swift in Sources */,
				A10000000000000000000006 /* PermissionService.swift in Sources */,
				A10000000000000000000035 /* BackendConfig.swift in Sources */,
				A10000000000000000000007 /* AppError.swift in Sources */,
				A10000000000000000000036 /* BackendCorrelation.swift in Sources */,
				A10000000000000000000039 /* BackendWarmup.swift in Sources */,
				A1000000000000000000003A /* BackendFetchRetry.swift in Sources */,
				A1000000000000000000003B /* ShortInputLLMPresentation.swift in Sources */,
				A10000000000000000000009 /* SpeechRecognizerService.swift in Sources */,
				A10000000000000000000010 /* ParsedCommand.swift in Sources */,
				A10000000000000000000011 /* ReminderItem.swift in Sources */,
				A10000000000000000000012 /* CalendarEventItem.swift in Sources */,
				A10000000000000000000013 /* DateParser.swift in Sources */,
				A10000000000000000000014 /* IntentParserService.swift in Sources */,
				A10000000000000000000017 /* ChatSheetView.swift in Sources */,
				A10000000000000000000018 /* TaskItem.swift in Sources */,
				A10000000000000000000019 /* TaskRowView.swift in Sources */,
				A1000000000000000000001A /* CalendarView.swift in Sources */,
				A1000000000000000000001B /* RootTabView.swift in Sources */,
				A1000000000000000000001C /* TaskDetailView.swift in Sources */,
				A1000000000000000000001D /* LLMTaskParseResponse.swift in Sources */,
				A1000000000000000000001E /* TaskParsing.swift in Sources */,
				A1000000000000000000001F /* LLMTaskParserService.swift in Sources */,
				A10000000000000000000020 /* TaskParsingCoordinator.swift in Sources */,
				A10000000000000000000021 /* TaskScheduleHelpers.swift in Sources */,
				A10000000000000000000022 /* TaskComposerView.swift in Sources */,
				A10000000000000000000023 /* Secrets.swift in Sources */,
				A10000000000000000000025 /* AppUILanguage.swift in Sources */,
				A10000000000000000000031 /* AppStringsCatalog.swift in Sources */,
				A10000000000000000000032 /* AppStringsPackEU.swift in Sources */,
				A10000000000000000000033 /* AppStringsPackAsiaPTIT.swift in Sources */,
				A10000000000000000000037 /* AppStringsPackHindi.swift in Sources */,
				A10000000000000000000038 /* AppColorTheme.swift in Sources */,
				A10000000000000000000034 /* SpeechServiceMessagesCatalog.swift in Sources */,
				A10000000000000000000026 /* MultilingualTranscriptionService.swift in Sources */,
				A10000000000000000000027 /* TranscriptionRouter.swift in Sources */,
				A10000000000000000000028 /* LocalTranscriptEvaluator.swift in Sources */,
				A10000000000000000000029 /* TaskReminderService.swift in Sources */,
				A1000000000000000000002A /* ReminderOffset.swift in Sources */,
				A1000000000000000000002B /* SettingsView.swift in Sources */,
				A1000000000000000000002C /* SubscriptionConfig.swift in Sources */,
				A1000000000000000000002D /* SubscriptionManager.swift in Sources */,
				A1000000000000000000002E /* PaywallView.swift in Sources */,
			);
			runOnlyForDeploymentPostprocessing = 0;
		};
/* End PBXSourcesBuildPhase section */

/* Begin XCBuildConfiguration section */
		A90000000000000000000001 /* Debug */ = {
			isa = XCBuildConfiguration;
			buildSettings = {
				ALWAYS_SEARCH_USER_PATHS = NO;
				ASSETCATALOG_COMPILER_GENERATE_SWIFT_ASSET_SYMBOL_EXTENSIONS = YES;
				CLANG_ANALYZER_NONNULL = YES;
				CLANG_ANALYZER_NUMBER_OBJECT_CONVERSION = YES_AGGRESSIVE;
				CLANG_CXX_LANGUAGE_STANDARD = "gnu++20";
				CLANG_ENABLE_MODULES = YES;
				CLANG_ENABLE_OBJC_ARC = YES;
				CLANG_ENABLE_OBJC_WEAK = YES;
				CLANG_WARN_BLOCK_CAPTURE_AUTORELEASING = YES;
				CLANG_WARN_BOOL_CONVERSION = YES;
				CLANG_WARN_COMMA = YES;
				CLANG_WARN_CONSTANT_CONVERSION = YES;
				CLANG_WARN_DEPRECATED_OBJC_IMPLEMENTATIONS = YES;
				CLANG_WARN_DIRECT_OBJC_ISA_USAGE = YES_ERROR;
				CLANG_WARN_DOCUMENTATION_COMMENTS = YES;
				CLANG_WARN_EMPTY_BODY = YES;
				CLANG_WARN_ENUM_CONVERSION = YES;
				CLANG_WARN_INFINITE_RECURSION = YES;
				CLANG_WARN_INT_CONVERSION = YES;
				CLANG_WARN_NON_LITERAL_NULL_CONVERSION = YES;
				CLANG_WARN_OBJC_IMPLICIT_RETAIN_SELF = YES;
				CLANG_WARN_OBJC_LITERAL_CONVERSION = YES;
				CLANG_WARN_OBJC_ROOT_CLASS = YES_ERROR;
				CLANG_WARN_QUOTED_INCLUDE_IN_FRAMEWORK_HEADER = YES;
				CLANG_WARN_RANGE_LOOP_ANALYSIS = YES;
				CLANG_WARN_STRICT_PROTOTYPES = YES;
				CLANG_WARN_SUSPICIOUS_MOVE = YES;
				CLANG_WARN_UNGUARDED_AVAILABILITY = YES_AGGRESSIVE;
				CLANG_WARN_UNREACHABLE_CODE = YES;
				CLANG_WARN__DUPLICATE_METHOD_MATCH = YES;
				COPY_PHASE_STRIP = NO;
				DEBUG_INFORMATION_FORMAT = dwarf;
				ENABLE_STRICT_OBJC_MSGSEND = YES;
				ENABLE_TESTABILITY = YES;
				ENABLE_USER_SCRIPT_SANDBOXING = YES;
				GCC_C_LANGUAGE_STANDARD = gnu17;
				GCC_DYNAMIC_NO_PIC = NO;
				GCC_NO_COMMON_BLOCKS = YES;
				GCC_OPTIMIZATION_LEVEL = 0;
				GCC_PREPROCESSOR_DEFINITIONS = (
					"DEBUG=1",
					"$(inherited)",
				);
				GCC_WARN_64_TO_32_BIT_CONVERSION = YES;
				GCC_WARN_ABOUT_RETURN_TYPE = YES_ERROR;
				GCC_WARN_UNDECLARED_SELECTOR = YES;
				GCC_WARN_UNINITIALIZED_AUTOS = YES_AGGRESSIVE;
				GCC_WARN_UNUSED_FUNCTION = YES;
				GCC_WARN_UNUSED_VARIABLE = YES;
				IPHONEOS_DEPLOYMENT_TARGET = 17.0;
				LOCALIZATION_PREFERS_STRING_CATALOGS = YES;
				MTL_ENABLE_DEBUG_INFO = INCLUDE_SOURCE;
				MTL_FAST_MATH = YES;
				ONLY_ACTIVE_ARCH = YES;
				SDKROOT = iphoneos;
				SWIFT_ACTIVE_COMPILATION_CONDITIONS = "DEBUG $(inherited)";
				SWIFT_OPTIMIZATION_LEVEL = "-Onone";
			};
			name = Debug;
		};
		A90000000000000000000002 /* Release */ = {
			isa = XCBuildConfiguration;
			buildSettings = {
				ALWAYS_SEARCH_USER_PATHS = NO;
				ASSETCATALOG_COMPILER_GENERATE_SWIFT_ASSET_SYMBOL_EXTENSIONS = YES;
				CLANG_ANALYZER_NONNULL = YES;
				CLANG_ANALYZER_NUMBER_OBJECT_CONVERSION = YES_AGGRESSIVE;
				CLANG_CXX_LANGUAGE_STANDARD = "gnu++20";
				CLANG_ENABLE_MODULES = YES;
				CLANG_ENABLE_OBJC_ARC = YES;
				CLANG_ENABLE_OBJC_WEAK = YES;
				CLANG_WARN_BLOCK_CAPTURE_AUTORELEASING = YES;
				CLANG_WARN_BOOL_CONVERSION = YES;
				CLANG_WARN_COMMA = YES;
				CLANG_WARN_CONSTANT_CONVERSION = YES;
				CLANG_WARN_DEPRECATED_OBJC_IMPLEMENTATIONS = YES;
				CLANG_WARN_DIRECT_OBJC_ISA_USAGE = YES_ERROR;
				CLANG_WARN_DOCUMENTATION_COMMENTS = YES;
				CLANG_WARN_EMPTY_BODY = YES;
				CLANG_WARN_ENUM_CONVERSION = YES;
				CLANG_WARN_INFINITE_RECURSION = YES;
				CLANG_WARN_INT_CONVERSION = YES;
				CLANG_WARN_NON_LITERAL_NULL_CONVERSION = YES;
				CLANG_WARN_OBJC_IMPLICIT_RETAIN_SELF = YES;
				CLANG_WARN_OBJC_LITERAL_CONVERSION = YES;
				CLANG_WARN_OBJC_ROOT_CLASS = YES_ERROR;
				CLANG_WARN_QUOTED_INCLUDE_IN_FRAMEWORK_HEADER = YES;
				CLANG_WARN_RANGE_LOOP_ANALYSIS = YES;
				CLANG_WARN_STRICT_PROTOTYPES = YES;
				CLANG_WARN_SUSPICIOUS_MOVE = YES;
				CLANG_WARN_UNGUARDED_AVAILABILITY = YES_AGGRESSIVE;
				CLANG_WARN_UNREACHABLE_CODE = YES;
				CLANG_WARN__DUPLICATE_METHOD_MATCH = YES;
				COPY_PHASE_STRIP = NO;
				DEBUG_INFORMATION_FORMAT = "dwarf-with-dsym";
				ENABLE_NS_ASSERTIONS = NO;
				ENABLE_STRICT_OBJC_MSGSEND = YES;
				ENABLE_USER_SCRIPT_SANDBOXING = YES;
				GCC_C_LANGUAGE_STANDARD = gnu17;
				GCC_NO_COMMON_BLOCKS = YES;
				GCC_WARN_64_TO_32_BIT_CONVERSION = YES;
				GCC_WARN_ABOUT_RETURN_TYPE = YES_ERROR;
				GCC_WARN_UNDECLARED_SELECTOR = YES;
				GCC_WARN_UNINITIALIZED_AUTOS = YES_AGGRESSIVE;
				GCC_WARN_UNUSED_FUNCTION = YES;
				GCC_WARN_UNUSED_VARIABLE = YES;
				IPHONEOS_DEPLOYMENT_TARGET = 17.0;
				LOCALIZATION_PREFERS_STRING_CATALOGS = YES;
				MTL_ENABLE_DEBUG_INFO = NO;
				MTL_FAST_MATH = YES;
				SDKROOT = iphoneos;
				SWIFT_COMPILATION_MODE = wholemodule;
				VALIDATE_PRODUCT = YES;
			};
			name = Release;
		};
		A90000000000000000000003 /* Debug */ = {
			isa = XCBuildConfiguration;
			buildSettings = {
				ASSETCATALOG_COMPILER_APPICON_NAME = AppIcon;
				ASSETCATALOG_COMPILER_GLOBAL_ACCENT_COLOR_NAME = AccentColor;
				CODE_SIGN_STYLE = Automatic;
				CURRENT_PROJECT_VERSION = 1;
				DEVELOPMENT_ASSET_PATHS = "";
				DEVELOPMENT_TEAM = 9V25JPKT2U;
				ENABLE_PREVIEWS = YES;
				GENERATE_INFOPLIST_FILE = YES;
				INFOPLIST_FILE = ChatTask/Info.plist;
				INFOPLIST_KEY_CFBundleDisplayName = ChatTask;
				INFOPLIST_KEY_NSCalendarsFullAccessUsageDescription = "ChatTask adds events to your calendar when you ask.";
				INFOPLIST_KEY_NSMicrophoneUsageDescription = "ChatTask uses the microphone to capture your voice commands.";
				INFOPLIST_KEY_NSSpeechRecognitionUsageDescription = "ChatTask converts your speech to text to schedule reminders and events.";
				INFOPLIST_KEY_UIApplicationSceneManifest_Generation = YES;
				INFOPLIST_KEY_UIApplicationSupportsIndirectInputEvents = YES;
				INFOPLIST_KEY_UILaunchScreen_Generation = YES;
				INFOPLIST_KEY_UISupportedInterfaceOrientations = UIInterfaceOrientationPortrait;
				INFOPLIST_KEY_UISupportedInterfaceOrientations_iPad = "UIInterfaceOrientationPortrait UIInterfaceOrientationPortraitUpsideDown UIInterfaceOrientationLandscapeLeft UIInterfaceOrientationLandscapeRight";
				LD_RUNPATH_SEARCH_PATHS = (
					"$(inherited)",
					"@executable_path/Frameworks",
				);
				MARKETING_VERSION = 1.0;
				PRODUCT_BUNDLE_IDENTIFIER = com.chattask.ChatTask;
				PRODUCT_NAME = "$(TARGET_NAME)";
				SWIFT_EMIT_LOC_STRINGS = YES;
				SWIFT_VERSION = 5.0;
				TARGETED_DEVICE_FAMILY = "1,2";
			};
			name = Debug;
		};
		A90000000000000000000004 /* Release */ = {
			isa = XCBuildConfiguration;
			buildSettings = {
				ASSETCATALOG_COMPILER_APPICON_NAME = AppIcon;
				ASSETCATALOG_COMPILER_GLOBAL_ACCENT_COLOR_NAME = AccentColor;
				CODE_SIGN_STYLE = Automatic;
				CURRENT_PROJECT_VERSION = 1;
				DEVELOPMENT_ASSET_PATHS = "";
				DEVELOPMENT_TEAM = 9V25JPKT2U;
				ENABLE_PREVIEWS = YES;
				GENERATE_INFOPLIST_FILE = YES;
				INFOPLIST_FILE = ChatTask/Info.plist;
				INFOPLIST_KEY_CFBundleDisplayName = ChatTask;
				INFOPLIST_KEY_NSCalendarsFullAccessUsageDescription = "ChatTask adds events to your calendar when you ask.";
				INFOPLIST_KEY_NSMicrophoneUsageDescription = "ChatTask uses the microphone to capture your voice commands.";
				INFOPLIST_KEY_NSSpeechRecognitionUsageDescription = "ChatTask converts your speech to text to schedule reminders and events.";
				INFOPLIST_KEY_UIApplicationSceneManifest_Generation = YES;
				INFOPLIST_KEY_UIApplicationSupportsIndirectInputEvents = YES;
				INFOPLIST_KEY_UILaunchScreen_Generation = YES;
				INFOPLIST_KEY_UISupportedInterfaceOrientations = UIInterfaceOrientationPortrait;
				INFOPLIST_KEY_UISupportedInterfaceOrientations_iPad = "UIInterfaceOrientationPortrait UIInterfaceOrientationPortraitUpsideDown UIInterfaceOrientationLandscapeLeft UIInterfaceOrientationLandscapeRight";
				LD_RUNPATH_SEARCH_PATHS = (
					"$(inherited)",
					"@executable_path/Frameworks",
				);
				MARKETING_VERSION = 1.0;
				PRODUCT_BUNDLE_IDENTIFIER = com.chattask.ChatTask;
				PRODUCT_NAME = "$(TARGET_NAME)";
				SWIFT_EMIT_LOC_STRINGS = YES;
				SWIFT_VERSION = 5.0;
				TARGETED_DEVICE_FAMILY = "1,2";
			};
			name = Release;
		};
/* End XCBuildConfiguration section */

/* Begin XCConfigurationList section */
		A80000000000000000000001 /* Build configuration list for PBXProject "ChatTask" */ = {
			isa = XCConfigurationList;
			buildConfigurations = (
				A90000000000000000000001 /* Debug */,
				A90000000000000000000002 /* Release */,
			);
			defaultConfigurationIsVisible = 0;
			defaultConfigurationName = Release;
		};
		A80000000000000000000003 /* Build configuration list for PBXNativeTarget "ChatTask" */ = {
			isa = XCConfigurationList;
			buildConfigurations = (
				A90000000000000000000003 /* Debug */,
				A90000000000000000000004 /* Release */,
			);
			defaultConfigurationIsVisible = 0;
			defaultConfigurationName = Release;
		};
/* End XCConfigurationList section */
	};
	rootObject = A60000000000000000000002 /* Project object */;
}
